
Microsoft Visual Studio Solution File, Format Version 12.00
# Visual Studio Version 17
VisualStudioVersion = 17.4.33110.190
MinimumVisualStudioVersion = 10.0.40219.1
Project("{9A19103F-16F7-4668-BE54-9A1E7A4F7556}") = "SpotiWiFi.Domain", "SpotiWiFi.Domain\SpotiWiFi.Domain.csproj", "{A7615F9D-7BC8-4B9A-89D3-252EC7C0488F}"
EndProject
Project("{9A19103F-16F7-4668-BE54-9A1E7A4F7556}") = "SpotiWiFi.Test", "SpotiWiFi.Test\SpotiWiFi.Test.csproj", "{67089752-164A-4C53-8AA0-FBC25065C417}"
EndProject
Project("{9A19103F-16F7-4668-BE54-9A1E7A4F7556}") = "SpotiWiFi.Repository", "SpotiWiFi.Repository\SpotiWiFi.Repository.csproj", "{E6BDCFAA-7F65-43F9-916C-31A04BE2410B}"
EndProject
Project("{FAE04EC0-301F-11D3-BF4B-00C04F79EFBC}") = "SpotiWiFi.Api", "SpotiWiFi.Api\SpotiWiFi.Api.csproj", "{525FDA09-0978-476A-ACE8-B38BAD0851F5}"
EndProject
Global
	GlobalSection(SolutionConfigurationPlatforms) = preSolution
		Debug|Any CPU = Debug|Any CPU
		Release|Any CPU = Release|Any CPU
	EndGlobalSection
	GlobalSection(ProjectConfigurationPlatforms) = postSolution
		{A7615F9D-7BC8-4B9A-89D3-252EC7C0488F}.Debug|Any CPU.ActiveCfg = Debug|Any CPU
		{A7615F9D-7BC8-4B9A-89D3-252EC7C0488F}.Debug|Any CPU.Build.0 = Debug|Any CPU
		{A7615F9D-7BC8-4B9A-89D3-252EC7C0488F}.Release|Any CPU.ActiveCfg = Release|Any CPU
		{A7615F9D-7BC8-4B9A-89D3-252EC7C0488F}.Release|Any CPU.Build.0 = Release|Any CPU
		{67089752-164A-4C53-8AA0-FBC25065C417}.Debug|Any CPU.ActiveCfg = Debug|Any CPU
		{67089752-164A-4C53-8AA0-FBC25065C417}.Debug|Any CPU.Build.0 = Debug|Any CPU
		{67089752-164A-4C53-8AA0-FBC25065C417}.Release|Any CPU.ActiveCfg = Release|Any CPU
		{67089752-164A-4C53-8AA0-FBC25065C417}.Release|Any CPU.Build.0 = Release|Any CPU
		{E6BDCFAA-7F65-43F9-916C-31A04BE2410B}.Debug|Any CPU.ActiveCfg = Debug|Any CPU
		{E6BDCFAA-7F65-43F9-916C-31A04BE2410B}.Debug|Any CPU.Build.0 = Debug|Any CPU
		{E6BDCFAA-7F65-43F9-916C-31A04BE2410B}.Release|Any CPU.ActiveCfg = Release|Any CPU
		{E6BDCFAA-7F65-43F9-916C-31A04BE2410B}.Release|Any CPU.Build.0 = Release|Any CPU
		{525FDA09-0978-476A-ACE8-B38BAD0851F5}.Debug|Any CPU.ActiveCfg = Debug|Any CPU
		{525FDA09-0978-476A-ACE8-B38BAD0851F5}.Debug|Any CPU.Build.0 = Debug|Any CPU
		{525FDA09-0978-476A-ACE8-B38BAD0851F5}.Release|Any CPU.ActiveCfg = Release|Any CPU
		{525FDA09-0978-476A-ACE8-B38BAD0851F5}.Release|Any CPU.Build.0 = Release|Any CPU
	EndGlobalSection
	GlobalSection(SolutionProperties) = preSolution
		HideSolutionNode = FALSE
	EndGlobalSection
	GlobalSection(ExtensibilityGlobals) = postSolution
		SolutionGuid = {B1D0B014-D651-48E0-BD17-48DE05DDA0E5}
	EndGlobalSection
EndGlobal
